Microsoft Visual Studio Solution File, Format Version 12.00
# Visual Studio Version 17
VisualStudioVersion = 17.5.2.0
MinimumVisualStudioVersion = 10.0.40219.1
Project("{FAE04EC0-301F-11D3-BF4B-00C04F79EFBC}") = "NoAliasExample", "NoAliasExample\NoAliasExample.csproj", "{77D2CCB4-D38B-77D4-A8FC-5FBB69A30E9F}"
EndProject
Global
	GlobalSection(SolutionConfigurationPlatforms) = preSolution
		Debug|Any CPU = Debug|Any CPU
		Release|Any CPU = Release|Any CPU
	EndGlobalSection
	GlobalSection(ProjectConfigurationPlatforms) = postSolution
		{77D2CCB4-D38B-77D4-A8FC-5FBB69A30E9F}.Debug|Any CPU.ActiveCfg = Debug|Any CPU
		{77D2CCB4-D38B-77D4-A8FC-5FBB69A30E9F}.Debug|Any CPU.Build.0 = Debug|Any CPU
		{77D2CCB4-D38B-77D4-A8FC-5FBB69A30E9F}.Release|Any CPU.ActiveCfg = Release|Any CPU
		{77D2CCB4-D38B-77D4-A8FC-5FBB69A30E9F}.Release|Any CPU.Build.0 = Release|Any CPU
	EndGlobalSection
	GlobalSection(SolutionProperties) = preSolution
		HideSolutionNode = FALSE
	EndGlobalSection
	GlobalSection(ExtensibilityGlobals) = postSolution
		SolutionGuid = {7D073573-6D1D-4DFC-8221-2D2119C73777}
	EndGlobalSection
EndGlobal
