
Microsoft Visual Studio Solution File, Format Version 12.00
# Visual Studio Version 17
VisualStudioVersion = 17.5.002.0
MinimumVisualStudioVersion = 10.0.40219.1
Project("{2150E333-8FDC-42A3-9474-1A3956D46DE8}") = "Intoduction", "Intoduction", "{CF069FD8-7A20-4B52-A07C-6ECF5861160B}"
EndProject
Project("{9A19103F-16F7-4668-BE54-9A1E7A4F7556}") = "test", "Intoduction\test\test.csproj", "{67321D3F-5939-4E7E-AB65-7CE120E5CCAB}"
EndProject
Global
	GlobalSection(SolutionConfigurationPlatforms) = preSolution
		Debug|Any CPU = Debug|Any CPU
		Release|Any CPU = Release|Any CPU
	EndGlobalSection
	GlobalSection(ProjectConfigurationPlatforms) = postSolution
		{67321D3F-5939-4E7E-AB65-7CE120E5CCAB}.Debug|Any CPU.ActiveCfg = Debug|Any CPU
		{67321D3F-5939-4E7E-AB65-7CE120E5CCAB}.Debug|Any CPU.Build.0 = Debug|Any CPU
		{67321D3F-5939-4E7E-AB65-7CE120E5CCAB}.Release|Any CPU.ActiveCfg = Release|Any CPU
		{67321D3F-5939-4E7E-AB65-7CE120E5CCAB}.Release|Any CPU.Build.0 = Release|Any CPU
	EndGlobalSection
	GlobalSection(SolutionProperties) = preSolution
		HideSolutionNode = FALSE
	EndGlobalSection
	GlobalSection(NestedProjects) = preSolution
		{67321D3F-5939-4E7E-AB65-7CE120E5CCAB} = {CF069FD8-7A20-4B52-A07C-6ECF5861160B}
	EndGlobalSection
	GlobalSection(ExtensibilityGlobals) = postSolution
		SolutionGuid = {1905F799-74AA-4CB8-90BB-10208309CB59}
	EndGlobalSection
EndGlobal
