
Microsoft Visual Studio Solution File, Format Version 12.00
# Visual Studio Version 17
VisualStudioVersion = 17.5.002.0
MinimumVisualStudioVersion = 10.0.40219.1
Project("{9A19103F-16F7-4668-BE54-9A1E7A4F7556}") = "test", "test\test.csproj", "{C8DABB72-E6A0-462A-9615-31930DA74373}"
EndProject
Global
	GlobalSection(SolutionConfigurationPlatforms) = preSolution
		Debug|Any CPU = Debug|Any CPU
		Release|Any CPU = Release|Any CPU
	EndGlobalSection
	GlobalSection(ProjectConfigurationPlatforms) = postSolution
		{C8DABB72-E6A0-462A-9615-31930DA74373}.Debug|Any CPU.ActiveCfg = Debug|Any CPU
		{C8DABB72-E6A0-462A-9615-31930DA74373}.Debug|Any CPU.Build.0 = Debug|Any CPU
		{C8DABB72-E6A0-462A-9615-31930DA74373}.Release|Any CPU.ActiveCfg = Release|Any CPU
		{C8DABB72-E6A0-462A-9615-31930DA74373}.Release|Any CPU.Build.0 = Release|Any CPU
	EndGlobalSection
	GlobalSection(SolutionProperties) = preSolution
		HideSolutionNode = FALSE
	EndGlobalSection
	GlobalSection(ExtensibilityGlobals) = postSolution
		SolutionGuid = {693371E6-94C4-4654-B77A-F3A7563D0AE8}
	EndGlobalSection
EndGlobal
