Microsoft Visual Studio Solution File, Format Version 12.00
# Visual Studio Version 17
VisualStudioVersion = 17.5.2.0
MinimumVisualStudioVersion = 10.0.40219.1
Project("{FAE04EC0-301F-11D3-BF4B-00C04F79EFBC}") = "location", "location\location.csproj", "{3456FFBB-9B01-EA18-67B7-5B98309A2210}"
EndProject
Global
	GlobalSection(SolutionConfigurationPlatforms) = preSolution
		Debug|Any CPU = Debug|Any CPU
		Release|Any CPU = Release|Any CPU
	EndGlobalSection
	GlobalSection(ProjectConfigurationPlatforms) = postSolution
		{3456FFBB-9B01-EA18-67B7-5B98309A2210}.Debug|Any CPU.ActiveCfg = Debug|Any CPU
		{3456FFBB-9B01-EA18-67B7-5B98309A2210}.Debug|Any CPU.Build.0 = Debug|Any CPU
		{3456FFBB-9B01-EA18-67B7-5B98309A2210}.Release|Any CPU.ActiveCfg = Release|Any CPU
		{3456FFBB-9B01-EA18-67B7-5B98309A2210}.Release|Any CPU.Build.0 = Release|Any CPU
	EndGlobalSection
	GlobalSection(SolutionProperties) = preSolution
		HideSolutionNode = FALSE
	EndGlobalSection
	GlobalSection(ExtensibilityGlobals) = postSolution
		SolutionGuid = {4B003494-E4F5-4823-9DC7-08EF8EAB564D}
	EndGlobalSection
EndGlobal
